// !$*UTF8*$!
{
	archiveVersion = 1;
	classes = {
	};
	objectVersion = 50;
	objects = {

/* Begin PBXBuildFile section */
		FA1653C62112D8DF007AAEFB /* AppDelegate.swift in Sources */ = {isa = PBXBuildFile; fileRef = FA1653C52112D8DF007AAEFB /* AppDelegate.swift */; };
		FA1653C82112D8DF007AAEFB /* ViewController.swift in Sources */ = {isa = PBXBuildFile; fileRef = FA1653C72112D8DF007AAEFB /* ViewController.swift */; };
		FA1653CB2112D8DF007AAEFB /* Main.storyboard in Resources */ = {isa = PBXBuildFile; fileRef = FA1653C92112D8DF007AAEFB /* Main.storyboard */; };
		FA1653CD2112D8EB007AAEFB /* Assets.xcassets in Resources */ = {isa = PBXBuildFile; fileRef = FA1653CC2112D8EB007AAEFB /* Assets.xcassets */; };
		FA1653D02112D8EB007AAEFB /* LaunchScreen.storyboard in Resources */ = {isa = PBXBuildFile; fileRef = FA1653CE2112D8EB007AAEFB /* LaunchScreen.storyboard */; };
		FA1653D82112FCD0007AAEFB /* CopyableLabel.swift in Sources */ = {isa = PBXBuildFile; fileRef = FA1653D72112FCD0007AAEFB /* CopyableLabel.swift */; };
/* End PBXBuildFile section */

/* Begin PBXFileReference section */
		FA1653C22112D8DF007AAEFB /* textfieldExample.app */ = {isa = PBXFileReference; explicitFileType = wrapper.application; includeInIndex = 0; path = textfieldExample.app; sourceTree = BUILT_PRODUCTS_DIR; };
		FA1653C52112D8DF007AAEFB /* AppDelegate.swift */ = {isa = PBXFileReference; lastKnownFileType = sourcecode.swift; path = AppDelegate.swift; sourceTree = "<group>"; };
		FA1653C72112D8DF007AAEFB /* ViewController.swift */ = {isa = PBXFileReference; lastKnownFileType = sourcecode.swift; path = ViewController.swift; sourceTree = "<group>"; };
		FA1653CA2112D8DF007AAEFB /* Base */ = {isa = PBXFileReference; lastKnownFileType = file.storyboard; name = Base; path = Base.lproj/Main.storyboard; sourceTree = "<group>"; };
		FA1653CC2112D8EB007AAEFB /* Assets.xcassets */ = {isa = PBXFileReference; lastKnownFileType = folder.assetcatalog; path = Assets.xcassets; sourceTree = "<group>"; };
		FA1653CF2112D8EB007AAEFB /* Base */ = {isa = PBXFileReference; lastKnownFileType = file.storyboard; name = Base; path = Base.lproj/LaunchScreen.storyboard; sourceTree = "<group>"; };
		FA1653D12112D8EB007AAEFB /* Info.plist */ = {isa = PBXFileReference; lastKnownFileType = text.plist.xml; path = Info.plist; sourceTree = "<group>"; };
		FA1653D72112FCD0007AAEFB /* CopyableLabel.swift */ = {isa = PBXFileReference; lastKnownFileType = sourcecode.swift; path = CopyableLabel.swift; sourceTree = "<group>"; };
		FA1653E02113000E007AAEFB /* textfieldExample-Bridging-Header.h */ = {isa = PBXFileReference; lastKnownFileType = sourcecode.c.h; path = "textfieldExample-Bridging-Header.h"; sourceTree = "<group>"; };
/* End PBXFileReference section */

/* Begin PBXFrameworksBuildPhase section */
		FA1653BF2112D8DF007AAEFB /* Frameworks */ = {
			isa = PBXFrameworksBuildPhase;
			buildActionMask = 2147483647;
			files = (
			);
			runOnlyForDeploymentPostprocessing = 0;
		};
/* End PBXFrameworksBuildPhase section */

/* Begin PBXGroup section */
		FA1653B92112D8DF007AAEFB = {
			isa = PBXGroup;
			children = (
				FA1653C42112D8DF007AAEFB /* textfieldExample */,
				FA1653C32112D8DF007AAEFB /* Products */,
			);
			sourceTree = "<group>";
		};
		FA1653C32112D8DF007AAEFB /* Products */ = {
			isa = PBXGroup;
			children = (
				FA1653C22112D8DF007AAEFB /* textfieldExample.app */,
			);
			name = Products;
			sourceTree = "<group>";
		};
		FA1653C42112D8DF007AAEFB /* textfieldExample */ = {
			isa = PBXGroup;
			children = (
				FA1653C52112D8DF007AAEFB /* AppDelegate.swift */,
				FA1653C72112D8DF007AAEFB /* ViewController.swift */,
				FA1653D72112FCD0007AAEFB /* CopyableLabel.swift */,
				FA1653C92112D8DF007AAEFB /* Main.storyboard */,
				FA1653CC2112D8EB007AAEFB /* Assets.xcassets */,
				FA1653CE2112D8EB007AAEFB /* LaunchScreen.storyboard */,
				FA1653D12112D8EB007AAEFB /* Info.plist */,
				FA1653E02113000E007AAEFB /* textfieldExample-Bridging-Header.h */,
			);
			path = textfieldExample;
			sourceTree = "<group>";
		};
/* End PBXGroup section */

/* Begin PBXNativeTarget section */
		FA1653C12112D8DF007AAEFB /* textfieldExample */ = {
			isa = PBXNativeTarget;
			buildConfigurationList = FA1653D42112D8EB007AAEFB /* Build configuration list for PBXNativeTarget "textfieldExample" */;
			buildPhases = (
				FA1653BE2112D8DF007AAEFB /* Sources */,
				FA1653BF2112D8DF007AAEFB /* Frameworks */,
				FA1653C02112D8DF007AAEFB /* Resources */,
			);
			buildRules = (
			);
			dependencies = (
			);
			name = textfieldExample;
			productName = textfieldExample;
			productReference = FA1653C22112D8DF007AAEFB /* textfieldExample.app */;
			productType = "com.apple.product-type.application";
		};
/* End PBXNativeTarget section */

/* Begin PBXProject section */
		FA1653BA2112D8DF007AAEFB /* Project object */ = {
			isa = PBXProject;
			attributes = {
				LastSwiftUpdateCheck = 0930;
				LastUpgradeCheck = 0930;
				ORGANIZATIONNAME = Rajasekhar;
				TargetAttributes = {
					FA1653C12112D8DF007AAEFB = {
						CreatedOnToolsVersion = 9.3;
						LastSwiftMigration = 0930;
					};
				};
			};
			buildConfigurationList = FA1653BD2112D8DF007AAEFB /* Build configuration list for PBXProject "textfieldExample" */;
			compatibilityVersion = "Xcode 9.3";
			developmentRegion = en;
			hasScannedForEncodings = 0;
			knownRegions = (
				en,
				Base,
			);
			mainGroup = FA1653B92112D8DF007AAEFB;
			productRefGroup = FA1653C32112D8DF007AAEFB /* Products */;
			projectDirPath = "";
			projectRoot = "";
			targets = (
				FA1653C12112D8DF007AAEFB /* textfieldExample */,
			);
		};
/* End PBXProject section */

/* Begin PBXResourcesBuildPhase section */
		FA1653C02112D8DF007AAEFB /* Resources */ = {
			isa = PBXResourcesBuildPhase;
			buildActionMask = 2147483647;
			files = (
				FA1653D02112D8EB007AAEFB /* LaunchScreen.storyboard in Resources */,
				FA1653CD2112D8EB007AAEFB /* Assets.xcassets in Resources */,
				FA1653CB2112D8DF007AAEFB /* Main.storyboard in Resources */,
			);
			runOnlyForDeploymentPostprocessing = 0;
		};
/* End PBXResourcesBuildPhase section */

/* Begin PBXSourcesBuildPhase section */
		FA1653BE2112D8DF007AAEFB /* Sources */ = {
			isa = PBXSourcesBuildPhase;
			buildActionMask = 2147483647;
			files = (
				FA1653C82112D8DF007AAEFB /* ViewController.swift in Sources */,
				FA1653C62112D8DF007AAEFB /* AppDelegate.swift in Sources */,
				FA1653D82112FCD0007AAEFB /* CopyableLabel.swift in Sources */,
			);
			runOnlyForDeploymentPostprocessing = 0;
		};
/* End PBXSourcesBuildPhase section */

/* Begin PBXVariantGroup section */
		FA1653C92112D8DF007AAEFB /* Main.storyboard */ = {
			isa = PBXVariantGroup;
			children = (
				FA1653CA2112D8DF007AAEFB /* Base */,
			);
			name = Main.storyboard;
			sourceTree = "<group>";
		};
		FA1653CE2112D8EB007AAEFB /* LaunchScreen.storyboard */ = {
			isa = PBXVariantGroup;
			children = (
				FA1653CF2112D8EB007AAEFB /* Base */,
			);
			name = LaunchScreen.storyboard;
			sourceTree = "<group>";
		};
/* End PBXVariantGroup section */

/* Begin XCBuildConfiguration section */
		FA1653D22112D8EB007AAEFB /* Debug */ = {
			isa = XCBuildConfiguration;
			buildSettings = {
				ALWAYS_SEARCH_USER_PATHS = NO;
				CLANG_ANALYZER_NONNULL = YES;
				CLANG_ANALYZER_NUMBER_OBJECT_CONVERSION = YES_AGGRESSIVE;
				CLANG_CXX_LANGUAGE_STANDARD = "gnu++14";
				CLANG_CXX_LIBRARY = "libc++";
				CLANG_ENABLE_MODULES = YES;
				CLANG_ENABLE_OBJC_ARC = YES;
				CLANG_ENABLE_OBJC_WEAK = YES;
				CLANG_WARN_BLOCK_CAPTURE_AUTORELEASING = YES;
				CLANG_WARN_BOOL_CONVERSION = YES;
				CLANG_WARN_COMMA = YES;
				CLANG_WARN_CONSTANT_CONVERSION = YES;
				CLANG_WARN_DEPRECATED_OBJC_IMPLEMENTATIONS = YES;
				CLANG_WARN_DIRECT_OBJC_ISA_USAGE = YES_ERROR;
				CLANG_WARN_DOCUMENTATION_COMMENTS = YES;
				CLANG_WARN_EMPTY_BODY = YES;
				CLANG_WARN_ENUM_CONVERSION = YES;
				CLANG_WARN_INFINITE_RECURSION = YES;
				CLANG_WARN_INT_CONVERSION = YES;
				CLANG_WARN_NON_LITERAL_NULL_CONVERSION = YES;
				CLANG_WARN_OBJC_IMPLICIT_RETAIN_SELF = YES;
				CLANG_WARN_OBJC_LITERAL_CONVERSION = YES;
				CLANG_WARN_OBJC_ROOT_CLASS = YES_ERROR;
				CLANG_WARN_RANGE_LOOP_ANALYSIS = YES;
				CLANG_WARN_STRICT_PROTOTYPES = YES;
				CLANG_WARN_SUSPICIOUS_MOVE = YES;
				CLANG_WARN_UNGUARDED_AVAILABILITY = YES_AGGRESSIVE;
				CLANG_WARN_UNREACHABLE_CODE = YES;
				CLANG_WARN__DUPLICATE_METHOD_MATCH = YES;
				CODE_SIGN_IDENTITY = "iPhone Developer";
				COPY_PHASE_STRIP = NO;
				DEBUG_INFORMATION_FORMAT = dwarf;
				ENABLE_STRICT_OBJC_MSGSEND = YES;
				ENABLE_TESTABILITY = YES;
				GCC_C_LANGUAGE_STANDARD = gnu11;
				GCC_DYNAMIC_NO_PIC = NO;
				GCC_NO_COMMON_BLOCKS = YES;
				GCC_OPTIMIZATION_LEVEL = 0;
				GCC_PREPROCESSOR_DEFINITIONS = (
					"DEBUG=1",
					"$(inherited)",
				);
				GCC_WARN_64_TO_32_BIT_CONVERSION = YES;
				GCC_WARN_ABOUT_RETURN_TYPE = YES_ERROR;
				GCC_WARN_UNDECLARED_SELECTOR = YES;
				GCC_WARN_UNINITIALIZED_AUTOS = YES_AGGRESSIVE;
				GCC_WARN_UNUSED_FUNCTION = YES;
				GCC_WARN_UNUSED_VARIABLE = YES;
				IPHONEOS_DEPLOYMENT_TARGET = 11.3;
				MTL_ENABLE_DEBUG_INFO = YES;
				ONLY_ACTIVE_ARCH = YES;
				SDKROOT = iphoneos;
				SWIFT_ACTIVE_COMPILATION_CONDITIONS = DEBUG;
				SWIFT_OPTIMIZATION_LEVEL = "-Onone";
			};
			name = Debug;
		};
		FA1653D32112D8EB007AAEFB /* Release */ = {
			isa = XCBuildConfiguration;
			buildSettings = {
				ALWAYS_SEARCH_USER_PATHS = NO;
				CLANG_ANALYZER_NONNULL = YES;
				CLANG_ANALYZER_NUMBER_OBJECT_CONVERSION = YES_AGGRESSIVE;
				CLANG_CXX_LANGUAGE_STANDARD = "gnu++14";
				CLANG_CXX_LIBRARY = "libc++";
				CLANG_ENABLE_MODULES = YES;
				CLANG_ENABLE_OBJC_ARC = YES;
				CLANG_ENABLE_OBJC_WEAK = YES;
				CLANG_WARN_BLOCK_CAPTURE_AUTORELEASING = YES;
				CLANG_WARN_BOOL_CONVERSION = YES;
				CLANG_WARN_COMMA = YES;
				CLANG_WARN_CONSTANT_CONVERSION = YES;
				CLANG_WARN_DEPRECATED_OBJC_IMPLEMENTATIONS = YES;
				CLANG_WARN_DIRECT_OBJC_ISA_USAGE = YES_ERROR;
				CLANG_WARN_DOCUMENTATION_COMMENTS = YES;
				CLANG_WARN_EMPTY_BODY = YES;
				CLANG_WARN_ENUM_CONVERSION = YES;
				CLANG_WARN_INFINITE_RECURSION = YES;
				CLANG_WARN_INT_CONVERSION = YES;
				CLANG_WARN_NON_LITERAL_NULL_CONVERSION = YES;
				CLANG_WARN_OBJC_IMPLICIT_RETAIN_SELF = YES;
				CLANG_WARN_OBJC_LITERAL_CONVERSION = YES;
				CLANG_WARN_OBJC_ROOT_CLASS = YES_ERROR;
				CLANG_WARN_RANGE_LOOP_ANALYSIS = YES;
				CLANG_WARN_STRICT_PROTOTYPES = YES;
				CLANG_WARN_SUSPICIOUS_MOVE = YES;
				CLANG_WARN_UNGUARDED_AVAILABILITY = YES_AGGRESSIVE;
				CLANG_WARN_UNREACHABLE_CODE = YES;
				CLANG_WARN__DUPLICATE_METHOD_MATCH = YES;
				CODE_SIGN_IDENTITY = "iPhone Developer";
				COPY_PHASE_STRIP = NO;
				DEBUG_INFORMATION_FORMAT = "dwarf-with-dsym";
				ENABLE_NS_ASSERTIONS = NO;
				ENABLE_STRICT_OBJC_MSGSEND = YES;
				GCC_C_LANGUAGE_STANDARD = gnu11;
				GCC_NO_COMMON_BLOCKS = YES;
				GCC_WARN_64_TO_32_BIT_CONVERSION = YES;
				GCC_WARN_ABOUT_RETURN_TYPE = YES_ERROR;
				GCC_WARN_UNDECLARED_SELECTOR = YES;
				GCC_WARN_UNINITIALIZED_AUTOS = YES_AGGRESSIVE;
				GCC_WARN_UNUSED_FUNCTION = YES;
				GCC_WARN_UNUSED_VARIABLE = YES;
				IPHONEOS_DEPLOYMENT_TARGET = 11.3;
				MTL_ENABLE_DEBUG_INFO = NO;
				SDKROOT = iphoneos;
				SWIFT_COMPILATION_MODE = wholemodule;
				SWIFT_OPTIMIZATION_LEVEL = "-O";
				VALIDATE_PRODUCT = YES;
			};
			name = Release;
		};
		FA1653D52112D8EB007AAEFB /* Debug */ = {
			isa = XCBuildConfiguration;
			buildSettings = {
				ASSETCATALOG_COMPILER_APPICON_NAME = AppIcon;
				CLANG_ENABLE_MODULES = YES;
				CODE_SIGN_STYLE = Automatic;
				DEVELOPMENT_TEAM = KSQR8NJ7XC;
				INFOPLIST_FILE = textfieldExample/Info.plist;
				IPHONEOS_DEPLOYMENT_TARGET = 10.0;
				LD_RUNPATH_SEARCH_PATHS = (
					"$(inherited)",
					"@executable_path/Frameworks",
				);
				PRODUCT_BUNDLE_IDENTIFIER = QuagileSolution.textfieldExample;
				PRODUCT_NAME = "$(TARGET_NAME)";
				SWIFT_OBJC_BRIDGING_HEADER = "textfieldExample/textfieldExample-Bridging-Header.h";
				SWIFT_OPTIMIZATION_LEVEL = "-Onone";
				SWIFT_VERSION = 4.0;
				TARGETED_DEVICE_FAMILY = "1,2";
			};
			name = Debug;
		};
		FA1653D62112D8EB007AAEFB /* Release */ = {
			isa = XCBuildConfiguration;
			buildSettings = {
				ASSETCATALOG_COMPILER_APPICON_NAME = AppIcon;
				CLANG_ENABLE_MODULES = YES;
				CODE_SIGN_STYLE = Automatic;
				DEVELOPMENT_TEAM = KSQR8NJ7XC;
				INFOPLIST_FILE = textfieldExample/Info.plist;
				IPHONEOS_DEPLOYMENT_TARGET = 10.0;
				LD_RUNPATH_SEARCH_PATHS = (
					"$(inherited)",
					"@executable_path/Frameworks",
				);
				PRODUCT_BUNDLE_IDENTIFIER = QuagileSolution.textfieldExample;
				PRODUCT_NAME = "$(TARGET_NAME)";
				SWIFT_OBJC_BRIDGING_HEADER = "textfieldExample/textfieldExample-Bridging-Header.h";
				SWIFT_VERSION = 4.0;
				TARGETED_DEVICE_FAMILY = "1,2";
			};
			name = Release;
		};
/* End XCBuildConfiguration section */

/* Begin XCConfigurationList section */
		FA1653BD2112D8DF007AAEFB /* Build configuration list for PBXProject "textfieldExample" */ = {
			isa = XCConfigurationList;
			buildConfigurations = (
				FA1653D22112D8EB007AAEFB /* Debug */,
				FA1653D32112D8EB007AAEFB /* Release */,
			);
			defaultConfigurationIsVisible = 0;
			defaultConfigurationName = Release;
		};
		FA1653D42112D8EB007AAEFB /* Build configuration list for PBXNativeTarget "textfieldExample" */ = {
			isa = XCConfigurationList;
			buildConfigurations = (
				FA1653D52112D8EB007AAEFB /* Debug */,
				FA1653D62112D8EB007AAEFB /* Release */,
			);
			defaultConfigurationIsVisible = 0;
			defaultConfigurationName = Release;
		};
/* End XCConfigurationList section */
	};
	rootObject = FA1653BA2112D8DF007AAEFB /* Project object */;
}
